
Microsoft Visual Studio Solution File, Format Version 12.00
# Visual Studio Version 16
VisualStudioVersion = 16.0.29613.14
MinimumVisualStudioVersion = 10.0.40219.1
Project("{FAE04EC0-301F-11D3-BF4B-00C04F79EFBC}") = "POJECT_amiraFinal", "POJECT_amiraFinal.csproj", "{2E0F40BD-163A-4E7B-A88C-FAF1FE870980}"
EndProject
Global
	GlobalSection(SolutionConfigurationPlatforms) = preSolution
		Debug|Any CPU = Debug|Any CPU
		Release|Any CPU = Release|Any CPU
	EndGlobalSection
	GlobalSection(ProjectConfigurationPlatforms) = postSolution
		{2E0F40BD-163A-4E7B-A88C-FAF1FE870980}.Debug|Any CPU.ActiveCfg = Debug|Any CPU
		{2E0F40BD-163A-4E7B-A88C-FAF1FE870980}.Debug|Any CPU.Build.0 = Debug|Any CPU
		{2E0F40BD-163A-4E7B-A88C-FAF1FE870980}.Release|Any CPU.ActiveCfg = Release|Any CPU
		{2E0F40BD-163A-4E7B-A88C-FAF1FE870980}.Release|Any CPU.Build.0 = Release|Any CPU
	EndGlobalSection
	GlobalSection(SolutionProperties) = preSolution
		HideSolutionNode = FALSE
	EndGlobalSection
	GlobalSection(ExtensibilityGlobals) = postSolution
		SolutionGuid = {4C240F53-74D3-4838-B28D-74E11619DD69}
	EndGlobalSection
EndGlobal
